
Microsoft Visual Studio Solution File, Format Version 12.00
# Visual Studio Version 17
VisualStudioVersion = 17.13.35919.96 d17.13
MinimumVisualStudioVersion = 10.0.40219.1
Project("{FAE04EC0-301F-11D3-BF4B-00C04F79EFBC}") = "HackerNewsApi", "HackerNewsApi\HackerNewsApi.csproj", "{9DC6846B-B960-43C2-B07C-58E8826AABE4}"
EndProject
Global
	GlobalSection(SolutionConfigurationPlatforms) = preSolution
		Debug|Any CPU = Debug|Any CPU
		Release|Any CPU = Release|Any CPU
	EndGlobalSection
	GlobalSection(ProjectConfigurationPlatforms) = postSolution
		{9DC6846B-B960-43C2-B07C-58E8826AABE4}.Debug|Any CPU.ActiveCfg = Debug|Any CPU
		{9DC6846B-B960-43C2-B07C-58E8826AABE4}.Debug|Any CPU.Build.0 = Debug|Any CPU
		{9DC6846B-B960-43C2-B07C-58E8826AABE4}.Release|Any CPU.ActiveCfg = Release|Any CPU
		{9DC6846B-B960-43C2-B07C-58E8826AABE4}.Release|Any CPU.Build.0 = Release|Any CPU
	EndGlobalSection
	GlobalSection(SolutionProperties) = preSolution
		HideSolutionNode = FALSE
	EndGlobalSection
	GlobalSection(ExtensibilityGlobals) = postSolution
		SolutionGuid = {4E32C2B9-BABE-409A-AB81-DC5B590A7A90}
	EndGlobalSection
EndGlobal
